
Microsoft Visual Studio Solution File, Format Version 12.00
# Visual Studio Version 17
VisualStudioVersion = 17.4.33213.308
MinimumVisualStudioVersion = 10.0.40219.1
Project("{FAE04EC0-301F-11D3-BF4B-00C04F79EFBC}") = "FitnesGalaxyApp", "FitnesGalaxyApp\FitnesGalaxyApp.csproj", "{5D8353FC-E085-457C-BA5B-140FE0FB1389}"
EndProject
Project("{FAE04EC0-301F-11D3-BF4B-00C04F79EFBC}") = "FitnesGalaxyApp.Tests", "FitnesGalaxyApp.Tests\FitnesGalaxyApp.Tests.csproj", "{517BD797-B02F-4B35-B4CE-B7EFB65F55DB}"
EndProject
Global
	GlobalSection(SolutionConfigurationPlatforms) = preSolution
		Debug|Any CPU = Debug|Any CPU
		Release|Any CPU = Release|Any CPU
	EndGlobalSection
	GlobalSection(ProjectConfigurationPlatforms) = postSolution
		{5D8353FC-E085-457C-BA5B-140FE0FB1389}.Debug|Any CPU.ActiveCfg = Debug|Any CPU
		{5D8353FC-E085-457C-BA5B-140FE0FB1389}.Debug|Any CPU.Build.0 = Debug|Any CPU
		{5D8353FC-E085-457C-BA5B-140FE0FB1389}.Release|Any CPU.ActiveCfg = Release|Any CPU
		{5D8353FC-E085-457C-BA5B-140FE0FB1389}.Release|Any CPU.Build.0 = Release|Any CPU
		{517BD797-B02F-4B35-B4CE-B7EFB65F55DB}.Debug|Any CPU.ActiveCfg = Debug|Any CPU
		{517BD797-B02F-4B35-B4CE-B7EFB65F55DB}.Debug|Any CPU.Build.0 = Debug|Any CPU
		{517BD797-B02F-4B35-B4CE-B7EFB65F55DB}.Release|Any CPU.ActiveCfg = Release|Any CPU
		{517BD797-B02F-4B35-B4CE-B7EFB65F55DB}.Release|Any CPU.Build.0 = Release|Any CPU
	EndGlobalSection
	GlobalSection(SolutionProperties) = preSolution
		HideSolutionNode = FALSE
	EndGlobalSection
	GlobalSection(ExtensibilityGlobals) = postSolution
		SolutionGuid = {D59FBBBB-CFD8-4BCB-BE9B-3CA545DE3082}
	EndGlobalSection
EndGlobal
